{
  "name": "smsdigital",
  "version": "0.1.0",
  "lockfileVersion": 1,
  "requires": true,
  "dependencies": {
    "styleguide-variables": {
      "version": "0.1.0",
      "resolved": "https://npm.fury.io/smsdigitalgmbh/~/up/ver_mDtmD/styleguide-variables-0.1.0.tgz",
      "integrity": "sha1-2n+c2Nzozv3onmgWw0bdPMM3QMA=",
      "dev": true
    },
    "tslib": {
      "version": "2.0.1",
      "resolved": "https://registry.npmjs.org/tslib/-/tslib-2.0.1.tgz",
      "integrity": "sha512-SgIkNheinmEBgx1IUNirK0TUD4X9yjjBRTqqjggWCU3pUEqIk3/Uwl3yRixYKT6WjQuGiwDv4NomL3wqRCj+CQ=="
    }
  }
}
